// !$*UTF8*$!
{
	archiveVersion = 1;
	classes = {
	};
	objectVersion = 50;
	objects = {

/* Begin PBXBuildFile section */
		D33E98E825D3079400318B38 /* FourPawsApp.swift in Sources */ = {isa = PBXBuildFile; fileRef = D33E98E725D3079400318B38 /* FourPawsApp.swift */; };
		D33E98EA25D3079400318B38 /* ContentView.swift in Sources */ = {isa = PBXBuildFile; fileRef = D33E98E925D3079400318B38 /* ContentView.swift */; };
		D33E98EC25D3079A00318B38 /* Assets.xcassets in Resources */ = {isa = PBXBuildFile; fileRef = D33E98EB25D3079A00318B38 /* Assets.xcassets */; };
		D33E98EF25D3079A00318B38 /* Preview Assets.xcassets in Resources */ = {isa = PBXBuildFile; fileRef = D33E98EE25D3079A00318B38 /* Preview Assets.xcassets */; };
		D33E98FA25D3079A00318B38 /* FourPawsTests.swift in Sources */ = {isa = PBXBuildFile; fileRef = D33E98F925D3079A00318B38 /* FourPawsTests.swift */; };
		D33E990525D3079A00318B38 /* FourPawsUITests.swift in Sources */ = {isa = PBXBuildFile; fileRef = D33E990425D3079A00318B38 /* FourPawsUITests.swift */; };
		D33E991625D307CE00318B38 /* StringValues.swift in Sources */ = {isa = PBXBuildFile; fileRef = D33E991525D307CE00318B38 /* StringValues.swift */; };
/* End PBXBuildFile section */

/* Begin PBXContainerItemProxy section */
		D33E98F625D3079A00318B38 /* PBXContainerItemProxy */ = {
			isa = PBXContainerItemProxy;
			containerPortal = D33E98DC25D3079400318B38 /* Project object */;
			proxyType = 1;
			remoteGlobalIDString = D33E98E325D3079400318B38;
			remoteInfo = FourPaws;
		};
		D33E990125D3079A00318B38 /* PBXContainerItemProxy */ = {
			isa = PBXContainerItemProxy;
			containerPortal = D33E98DC25D3079400318B38 /* Project object */;
			proxyType = 1;
			remoteGlobalIDString = D33E98E325D3079400318B38;
			remoteInfo = FourPaws;
		};
/* End PBXContainerItemProxy section */

/* Begin PBXFileReference section */
		D33E98E425D3079400318B38 /* FourPaws.app */ = {isa = PBXFileReference; explicitFileType = wrapper.application; includeInIndex = 0; path = FourPaws.app; sourceTree = BUILT_PRODUCTS_DIR; };
		D33E98E725D3079400318B38 /* FourPawsApp.swift */ = {isa = PBXFileReference; lastKnownFileType = sourcecode.swift; path = FourPawsApp.swift; sourceTree = "<group>"; };
		D33E98E925D3079400318B38 /* ContentView.swift */ = {isa = PBXFileReference; lastKnownFileType = sourcecode.swift; path = ContentView.swift; sourceTree = "<group>"; };
		D33E98EB25D3079A00318B38 /* Assets.xcassets */ = {isa = PBXFileReference; lastKnownFileType = folder.assetcatalog; path = Assets.xcassets; sourceTree = "<group>"; };
		D33E98EE25D3079A00318B38 /* Preview Assets.xcassets */ = {isa = PBXFileReference; lastKnownFileType = folder.assetcatalog; path = "Preview Assets.xcassets"; sourceTree = "<group>"; };
		D33E98F025D3079A00318B38 /* Info.plist */ = {isa = PBXFileReference; lastKnownFileType = text.plist.xml; path = Info.plist; sourceTree = "<group>"; };
		D33E98F525D3079A00318B38 /* FourPawsTests.xctest */ = {isa = PBXFileReference; explicitFileType = wrapper.cfbundle; includeInIndex = 0; path = FourPawsTests.xctest; sourceTree = BUILT_PRODUCTS_DIR; };
		D33E98F925D3079A00318B38 /* FourPawsTests.swift */ = {isa = PBXFileReference; lastKnownFileType = sourcecode.swift; path = FourPawsTests.swift; sourceTree = "<group>"; };
		D33E98FB25D3079A00318B38 /* Info.plist */ = {isa = PBXFileReference; lastKnownFileType = text.plist.xml; path = Info.plist; sourceTree = "<group>"; };
		D33E990025D3079A00318B38 /* FourPawsUITests.xctest */ = {isa = PBXFileReference; explicitFileType = wrapper.cfbundle; includeInIndex = 0; path = FourPawsUITests.xctest; sourceTree = BUILT_PRODUCTS_DIR; };
		D33E990425D3079A00318B38 /* FourPawsUITests.swift */ = {isa = PBXFileReference; lastKnownFileType = sourcecode.swift; path = FourPawsUITests.swift; sourceTree = "<group>"; };
		D33E990625D3079A00318B38 /* Info.plist */ = {isa = PBXFileReference; lastKnownFileType = text.plist.xml; path = Info.plist; sourceTree = "<group>"; };
		D33E991525D307CE00318B38 /* StringValues.swift */ = {isa = PBXFileReference; lastKnownFileType = sourcecode.swift; path = StringValues.swift; sourceTree = "<group>"; };
/* End PBXFileReference section */

/* Begin PBXFrameworksBuildPhase section */
		D33E98E125D3079400318B38 /* Frameworks */ = {
			isa = PBXFrameworksBuildPhase;
			buildActionMask = 2147483647;
			files = (
			);
			runOnlyForDeploymentPostprocessing = 0;
		};
		D33E98F225D3079A00318B38 /* Frameworks */ = {
			isa = PBXFrameworksBuildPhase;
			buildActionMask = 2147483647;
			files = (
			);
			runOnlyForDeploymentPostprocessing = 0;
		};
		D33E98FD25D3079A00318B38 /* Frameworks */ = {
			isa = PBXFrameworksBuildPhase;
			buildActionMask = 2147483647;
			files = (
			);
			runOnlyForDeploymentPostprocessing = 0;
		};
/* End PBXFrameworksBuildPhase section */

/* Begin PBXGroup section */
		D33E98DB25D3079400318B38 = {
			isa = PBXGroup;
			children = (
				D33E98E625D3079400318B38 /* FourPaws */,
				D33E98F825D3079A00318B38 /* FourPawsTests */,
				D33E990325D3079A00318B38 /* FourPawsUITests */,
				D33E98E525D3079400318B38 /* Products */,
			);
			sourceTree = "<group>";
		};
		D33E98E525D3079400318B38 /* Products */ = {
			isa = PBXGroup;
			children = (
				D33E98E425D3079400318B38 /* FourPaws.app */,
				D33E98F525D3079A00318B38 /* FourPawsTests.xctest */,
				D33E990025D3079A00318B38 /* FourPawsUITests.xctest */,
			);
			name = Products;
			sourceTree = "<group>";
		};
		D33E98E625D3079400318B38 /* FourPaws */ = {
			isa = PBXGroup;
			children = (
				D33E98E725D3079400318B38 /* FourPawsApp.swift */,
				D33E98E925D3079400318B38 /* ContentView.swift */,
				D33E98EB25D3079A00318B38 /* Assets.xcassets */,
				D33E98F025D3079A00318B38 /* Info.plist */,
				D33E991A25D307F700318B38 /* Helpers */,
				D33E98ED25D3079A00318B38 /* Preview Content */,
			);
			path = FourPaws;
			sourceTree = "<group>";
		};
		D33E98ED25D3079A00318B38 /* Preview Content */ = {
			isa = PBXGroup;
			children = (
				D33E98EE25D3079A00318B38 /* Preview Assets.xcassets */,
			);
			path = "Preview Content";
			sourceTree = "<group>";
		};
		D33E98F825D3079A00318B38 /* FourPawsTests */ = {
			isa = PBXGroup;
			children = (
				D33E98F925D3079A00318B38 /* FourPawsTests.swift */,
				D33E98FB25D3079A00318B38 /* Info.plist */,
			);
			path = FourPawsTests;
			sourceTree = "<group>";
		};
		D33E990325D3079A00318B38 /* FourPawsUITests */ = {
			isa = PBXGroup;
			children = (
				D33E990425D3079A00318B38 /* FourPawsUITests.swift */,
				D33E990625D3079A00318B38 /* Info.plist */,
			);
			path = FourPawsUITests;
			sourceTree = "<group>";
		};
		D33E991A25D307F700318B38 /* Helpers */ = {
			isa = PBXGroup;
			children = (
				D33E991525D307CE00318B38 /* StringValues.swift */,
			);
			path = Helpers;
			sourceTree = "<group>";
		};
/* End PBXGroup section */

/* Begin PBXNativeTarget section */
		D33E98E325D3079400318B38 /* FourPaws */ = {
			isa = PBXNativeTarget;
			buildConfigurationList = D33E990925D3079A00318B38 /* Build configuration list for PBXNativeTarget "FourPaws" */;
			buildPhases = (
				D33E98E025D3079400318B38 /* Sources */,
				D33E98E125D3079400318B38 /* Frameworks */,
				D33E98E225D3079400318B38 /* Resources */,
			);
			buildRules = (
			);
			dependencies = (
			);
			name = FourPaws;
			productName = FourPaws;
			productReference = D33E98E425D3079400318B38 /* FourPaws.app */;
			productType = "com.apple.product-type.application";
		};
		D33E98F425D3079A00318B38 /* FourPawsTests */ = {
			isa = PBXNativeTarget;
			buildConfigurationList = D33E990C25D3079A00318B38 /* Build configuration list for PBXNativeTarget "FourPawsTests" */;
			buildPhases = (
				D33E98F125D3079A00318B38 /* Sources */,
				D33E98F225D3079A00318B38 /* Frameworks */,
				D33E98F325D3079A00318B38 /* Resources */,
			);
			buildRules = (
			);
			dependencies = (
				D33E98F725D3079A00318B38 /* PBXTargetDependency */,
			);
			name = FourPawsTests;
			productName = FourPawsTests;
			productReference = D33E98F525D3079A00318B38 /* FourPawsTests.xctest */;
			productType = "com.apple.product-type.bundle.unit-test";
		};
		D33E98FF25D3079A00318B38 /* FourPawsUITests */ = {
			isa = PBXNativeTarget;
			buildConfigurationList = D33E990F25D3079A00318B38 /* Build configuration list for PBXNativeTarget "FourPawsUITests" */;
			buildPhases = (
				D33E98FC25D3079A00318B38 /* Sources */,
				D33E98FD25D3079A00318B38 /* Frameworks */,
				D33E98FE25D3079A00318B38 /* Resources */,
			);
			buildRules = (
			);
			dependencies = (
				D33E990225D3079A00318B38 /* PBXTargetDependency */,
			);
			name = FourPawsUITests;
			productName = FourPawsUITests;
			productReference = D33E990025D3079A00318B38 /* FourPawsUITests.xctest */;
			productType = "com.apple.product-type.bundle.ui-testing";
		};
/* End PBXNativeTarget section */

/* Begin PBXProject section */
		D33E98DC25D3079400318B38 /* Project object */ = {
			isa = PBXProject;
			attributes = {
				LastSwiftUpdateCheck = 1220;
				LastUpgradeCheck = 1220;
				TargetAttributes = {
					D33E98E325D3079400318B38 = {
						CreatedOnToolsVersion = 12.2;
					};
					D33E98F425D3079A00318B38 = {
						CreatedOnToolsVersion = 12.2;
						TestTargetID = D33E98E325D3079400318B38;
					};
					D33E98FF25D3079A00318B38 = {
						CreatedOnToolsVersion = 12.2;
						TestTargetID = D33E98E325D3079400318B38;
					};
				};
			};
			buildConfigurationList = D33E98DF25D3079400318B38 /* Build configuration list for PBXProject "FourPaws" */;
			compatibilityVersion = "Xcode 9.3";
			developmentRegion = en;
			hasScannedForEncodings = 0;
			knownRegions = (
				en,
				Base,
			);
			mainGroup = D33E98DB25D3079400318B38;
			productRefGroup = D33E98E525D3079400318B38 /* Products */;
			projectDirPath = "";
			projectRoot = "";
			targets = (
				D33E98E325D3079400318B38 /* FourPaws */,
				D33E98F425D3079A00318B38 /* FourPawsTests */,
				D33E98FF25D3079A00318B38 /* FourPawsUITests */,
			);
		};
/* End PBXProject section */

/* Begin PBXResourcesBuildPhase section */
		D33E98E225D3079400318B38 /* Resources */ = {
			isa = PBXResourcesBuildPhase;
			buildActionMask = 2147483647;
			files = (
				D33E98EF25D3079A00318B38 /* Preview Assets.xcassets in Resources */,
				D33E98EC25D3079A00318B38 /* Assets.xcassets in Resources */,
			);
			runOnlyForDeploymentPostprocessing = 0;
		};
		D33E98F325D3079A00318B38 /* Resources */ = {
			isa = PBXResourcesBuildPhase;
			buildActionMask = 2147483647;
			files = (
			);
			runOnlyForDeploymentPostprocessing = 0;
		};
		D33E98FE25D3079A00318B38 /* Resources */ = {
			isa = PBXResourcesBuildPhase;
			buildActionMask = 2147483647;
			files = (
			);
			runOnlyForDeploymentPostprocessing = 0;
		};
/* End PBXResourcesBuildPhase section */

/* Begin PBXSourcesBuildPhase section */
		D33E98E025D3079400318B38 /* Sources */ = {
			isa = PBXSourcesBuildPhase;
			buildActionMask = 2147483647;
			files = (
				D33E991625D307CE00318B38 /* StringValues.swift in Sources */,
				D33E98EA25D3079400318B38 /* ContentView.swift in Sources */,
				D33E98E825D3079400318B38 /* FourPawsApp.swift in Sources */,
			);
			runOnlyForDeploymentPostprocessing = 0;
		};
		D33E98F125D3079A00318B38 /* Sources */ = {
			isa = PBXSourcesBuildPhase;
			buildActionMask = 2147483647;
			files = (
				D33E98FA25D3079A00318B38 /* FourPawsTests.swift in Sources */,
			);
			runOnlyForDeploymentPostprocessing = 0;
		};
		D33E98FC25D3079A00318B38 /* Sources */ = {
			isa = PBXSourcesBuildPhase;
			buildActionMask = 2147483647;
			files = (
				D33E990525D3079A00318B38 /* FourPawsUITests.swift in Sources */,
			);
			runOnlyForDeploymentPostprocessing = 0;
		};
/* End PBXSourcesBuildPhase section */

/* Begin PBXTargetDependency section */
		D33E98F725D3079A00318B38 /* PBXTargetDependency */ = {
			isa = PBXTargetDependency;
			target = D33E98E325D3079400318B38 /* FourPaws */;
			targetProxy = D33E98F625D3079A00318B38 /* PBXContainerItemProxy */;
		};
		D33E990225D3079A00318B38 /* PBXTargetDependency */ = {
			isa = PBXTargetDependency;
			target = D33E98E325D3079400318B38 /* FourPaws */;
			targetProxy = D33E990125D3079A00318B38 /* PBXContainerItemProxy */;
		};
/* End PBXTargetDependency section */

/* Begin XCBuildConfiguration section */
		D33E990725D3079A00318B38 /* Debug */ = {
			isa = XCBuildConfiguration;
			buildSettings = {
				ALWAYS_SEARCH_USER_PATHS = NO;
				CLANG_ANALYZER_NONNULL = YES;
				CLANG_ANALYZER_NUMBER_OBJECT_CONVERSION = YES_AGGRESSIVE;
				CLANG_CXX_LANGUAGE_STANDARD = "gnu++14";
				CLANG_CXX_LIBRARY = "libc++";
				CLANG_ENABLE_MODULES = YES;
				CLANG_ENABLE_OBJC_ARC = YES;
				CLANG_ENABLE_OBJC_WEAK = YES;
				CLANG_WARN_BLOCK_CAPTURE_AUTORELEASING = YES;
				CLANG_WARN_BOOL_CONVERSION = YES;
				CLANG_WARN_COMMA = YES;
				CLANG_WARN_CONSTANT_CONVERSION = YES;
				CLANG_WARN_DEPRECATED_OBJC_IMPLEMENTATIONS = YES;
				CLANG_WARN_DIRECT_OBJC_ISA_USAGE = YES_ERROR;
				CLANG_WARN_DOCUMENTATION_COMMENTS = YES;
				CLANG_WARN_EMPTY_BODY = YES;
				CLANG_WARN_ENUM_CONVERSION = YES;
				CLANG_WARN_INFINITE_RECURSION = YES;
				CLANG_WARN_INT_CONVERSION = YES;
				CLANG_WARN_NON_LITERAL_NULL_CONVERSION = YES;
				CLANG_WARN_OBJC_IMPLICIT_RETAIN_SELF = YES;
				CLANG_WARN_OBJC_LITERAL_CONVERSION = YES;
				CLANG_WARN_OBJC_ROOT_CLASS = YES_ERROR;
				CLANG_WARN_QUOTED_INCLUDE_IN_FRAMEWORK_HEADER = YES;
				CLANG_WARN_RANGE_LOOP_ANALYSIS = YES;
				CLANG_WARN_STRICT_PROTOTYPES = YES;
				CLANG_WARN_SUSPICIOUS_MOVE = YES;
				CLANG_WARN_UNGUARDED_AVAILABILITY = YES_AGGRESSIVE;
				CLANG_WARN_UNREACHABLE_CODE = YES;
				CLANG_WARN__DUPLICATE_METHOD_MATCH = YES;
				COPY_PHASE_STRIP = NO;
				DEBUG_INFORMATION_FORMAT = dwarf;
				ENABLE_STRICT_OBJC_MSGSEND = YES;
				ENABLE_TESTABILITY = YES;
				GCC_C_LANGUAGE_STANDARD = gnu11;
				GCC_DYNAMIC_NO_PIC = NO;
				GCC_NO_COMMON_BLOCKS = YES;
				GCC_OPTIMIZATION_LEVEL = 0;
				GCC_PREPROCESSOR_DEFINITIONS = (
					"DEBUG=1",
					"$(inherited)",
				);
				GCC_WARN_64_TO_32_BIT_CONVERSION = YES;
				GCC_WARN_ABOUT_RETURN_TYPE = YES_ERROR;
				GCC_WARN_UNDECLARED_SELECTOR = YES;
				GCC_WARN_UNINITIALIZED_AUTOS = YES_AGGRESSIVE;
				GCC_WARN_UNUSED_FUNCTION = YES;
				GCC_WARN_UNUSED_VARIABLE = YES;
				IPHONEOS_DEPLOYMENT_TARGET = 14.2;
				MTL_ENABLE_DEBUG_INFO = INCLUDE_SOURCE;
				MTL_FAST_MATH = YES;
				ONLY_ACTIVE_ARCH = YES;
				SDKROOT = iphoneos;
				SWIFT_ACTIVE_COMPILATION_CONDITIONS = DEBUG;
				SWIFT_OPTIMIZATION_LEVEL = "-Onone";
			};
			name = Debug;
		};
		D33E990825D3079A00318B38 /* Release */ = {
			isa = XCBuildConfiguration;
			buildSettings = {
				ALWAYS_SEARCH_USER_PATHS = NO;
				CLANG_ANALYZER_NONNULL = YES;
				CLANG_ANALYZER_NUMBER_OBJECT_CONVERSION = YES_AGGRESSIVE;
				CLANG_CXX_LANGUAGE_STANDARD = "gnu++14";
				CLANG_CXX_LIBRARY = "libc++";
				CLANG_ENABLE_MODULES = YES;
				CLANG_ENABLE_OBJC_ARC = YES;
				CLANG_ENABLE_OBJC_WEAK = YES;
				CLANG_WARN_BLOCK_CAPTURE_AUTORELEASING = YES;
				CLANG_WARN_BOOL_CONVERSION = YES;
				CLANG_WARN_COMMA = YES;
				CLANG_WARN_CONSTANT_CONVERSION = YES;
				CLANG_WARN_DEPRECATED_OBJC_IMPLEMENTATIONS = YES;
				CLANG_WARN_DIRECT_OBJC_ISA_USAGE = YES_ERROR;
				CLANG_WARN_DOCUMENTATION_COMMENTS = YES;
				CLANG_WARN_EMPTY_BODY = YES;
				CLANG_WARN_ENUM_CONVERSION = YES;
				CLANG_WARN_INFINITE_RECURSION = YES;
				CLANG_WARN_INT_CONVERSION = YES;
				CLANG_WARN_NON_LITERAL_NULL_CONVERSION = YES;
				CLANG_WARN_OBJC_IMPLICIT_RETAIN_SELF = YES;
				CLANG_WARN_OBJC_LITERAL_CONVERSION = YES;
				CLANG_WARN_OBJC_ROOT_CLASS = YES_ERROR;
				CLANG_WARN_QUOTED_INCLUDE_IN_FRAMEWORK_HEADER = YES;
				CLANG_WARN_RANGE_LOOP_ANALYSIS = YES;
				CLANG_WARN_STRICT_PROTOTYPES = YES;
				CLANG_WARN_SUSPICIOUS_MOVE = YES;
				CLANG_WARN_UNGUARDED_AVAILABILITY = YES_AGGRESSIVE;
				CLANG_WARN_UNREACHABLE_CODE = YES;
				CLANG_WARN__DUPLICATE_METHOD_MATCH = YES;
				COPY_PHASE_STRIP = NO;
				DEBUG_INFORMATION_FORMAT = "dwarf-with-dsym";
				ENABLE_NS_ASSERTIONS = NO;
				ENABLE_STRICT_OBJC_MSGSEND = YES;
				GCC_C_LANGUAGE_STANDARD = gnu11;
				GCC_NO_COMMON_BLOCKS = YES;
				GCC_WARN_64_TO_32_BIT_CONVERSION = YES;
				GCC_WARN_ABOUT_RETURN_TYPE = YES_ERROR;
				GCC_WARN_UNDECLARED_SELECTOR = YES;
				GCC_WARN_UNINITIALIZED_AUTOS = YES_AGGRESSIVE;
				GCC_WARN_UNUSED_FUNCTION = YES;
				GCC_WARN_UNUSED_VARIABLE = YES;
				IPHONEOS_DEPLOYMENT_TARGET = 14.2;
				MTL_ENABLE_DEBUG_INFO = NO;
				MTL_FAST_MATH = YES;
				SDKROOT = iphoneos;
				SWIFT_COMPILATION_MODE = wholemodule;
				SWIFT_OPTIMIZATION_LEVEL = "-O";
				VALIDATE_PRODUCT = YES;
			};
			name = Release;
		};
		D33E990A25D3079A00318B38 /* Debug */ = {
			isa = XCBuildConfiguration;
			buildSettings = {
				ASSETCATALOG_COMPILER_APPICON_NAME = AppIcon;
				ASSETCATALOG_COMPILER_GLOBAL_ACCENT_COLOR_NAME = AccentColor;
				CODE_SIGN_STYLE = Automatic;
				DEVELOPMENT_ASSET_PATHS = "\"FourPaws/Preview Content\"";
				DEVELOPMENT_TEAM = T9592J2HYY;
				ENABLE_PREVIEWS = YES;
				INFOPLIST_FILE = FourPaws/Info.plist;
				IPHONEOS_DEPLOYMENT_TARGET = 14.0;
				LD_RUNPATH_SEARCH_PATHS = (
					"$(inherited)",
					"@executable_path/Frameworks",
				);
				PRODUCT_BUNDLE_IDENTIFIER = AS.FourPaws;
				PRODUCT_NAME = "$(TARGET_NAME)";
				SWIFT_VERSION = 5.0;
				TARGETED_DEVICE_FAMILY = "1,2";
			};
			name = Debug;
		};
		D33E990B25D3079A00318B38 /* Release */ = {
			isa = XCBuildConfiguration;
			buildSettings = {
				ASSETCATALOG_COMPILER_APPICON_NAME = AppIcon;
				ASSETCATALOG_COMPILER_GLOBAL_ACCENT_COLOR_NAME = AccentColor;
				CODE_SIGN_STYLE = Automatic;
				DEVELOPMENT_ASSET_PATHS = "\"FourPaws/Preview Content\"";
				DEVELOPMENT_TEAM = T9592J2HYY;
				ENABLE_PREVIEWS = YES;
				INFOPLIST_FILE = FourPaws/Info.plist;
				IPHONEOS_DEPLOYMENT_TARGET = 14.0;
				LD_RUNPATH_SEARCH_PATHS = (
					"$(inherited)",
					"@executable_path/Frameworks",
				);
				PRODUCT_BUNDLE_IDENTIFIER = AS.FourPaws;
				PRODUCT_NAME = "$(TARGET_NAME)";
				SWIFT_VERSION = 5.0;
				TARGETED_DEVICE_FAMILY = "1,2";
			};
			name = Release;
		};
		D33E990D25D3079A00318B38 /* Debug */ = {
			isa = XCBuildConfiguration;
			buildSettings = {
				ALWAYS_EMBED_SWIFT_STANDARD_LIBRARIES = YES;
				BUNDLE_LOADER = "$(TEST_HOST)";
				CODE_SIGN_STYLE = Automatic;
				DEVELOPMENT_TEAM = T9592J2HYY;
				INFOPLIST_FILE = FourPawsTests/Info.plist;
				IPHONEOS_DEPLOYMENT_TARGET = 14.0;
				LD_RUNPATH_SEARCH_PATHS = (
					"$(inherited)",
					"@executable_path/Frameworks",
					"@loader_path/Frameworks",
				);
				PRODUCT_BUNDLE_IDENTIFIER = AS.FourPawsTests;
				PRODUCT_NAME = "$(TARGET_NAME)";
				SWIFT_VERSION = 5.0;
				TARGETED_DEVICE_FAMILY = "1,2";
				TEST_HOST = "$(BUILT_PRODUCTS_DIR)/FourPaws.app/FourPaws";
			};
			name = Debug;
		};
		D33E990E25D3079A00318B38 /* Release */ = {
			isa = XCBuildConfiguration;
			buildSettings = {
				ALWAYS_EMBED_SWIFT_STANDARD_LIBRARIES = YES;
				BUNDLE_LOADER = "$(TEST_HOST)";
				CODE_SIGN_STYLE = Automatic;
				DEVELOPMENT_TEAM = T9592J2HYY;
				INFOPLIST_FILE = FourPawsTests/Info.plist;
				IPHONEOS_DEPLOYMENT_TARGET = 14.0;
				LD_RUNPATH_SEARCH_PATHS = (
					"$(inherited)",
					"@executable_path/Frameworks",
					"@loader_path/Frameworks",
				);
				PRODUCT_BUNDLE_IDENTIFIER = AS.FourPawsTests;
				PRODUCT_NAME = "$(TARGET_NAME)";
				SWIFT_VERSION = 5.0;
				TARGETED_DEVICE_FAMILY = "1,2";
				TEST_HOST = "$(BUILT_PRODUCTS_DIR)/FourPaws.app/FourPaws";
			};
			name = Release;
		};
		D33E991025D3079A00318B38 /* Debug */ = {
			isa = XCBuildConfiguration;
			buildSettings = {
				ALWAYS_EMBED_SWIFT_STANDARD_LIBRARIES = YES;
				CODE_SIGN_STYLE = Automatic;
				DEVELOPMENT_TEAM = T9592J2HYY;
				INFOPLIST_FILE = FourPawsUITests/Info.plist;
				LD_RUNPATH_SEARCH_PATHS = (
					"$(inherited)",
					"@executable_path/Frameworks",
					"@loader_path/Frameworks",
				);
				PRODUCT_BUNDLE_IDENTIFIER = AS.FourPawsUITests;
				PRODUCT_NAME = "$(TARGET_NAME)";
				SWIFT_VERSION = 5.0;
				TARGETED_DEVICE_FAMILY = "1,2";
				TEST_TARGET_NAME = FourPaws;
			};
			name = Debug;
		};
		D33E991125D3079A00318B38 /* Release */ = {
			isa = XCBuildConfiguration;
			buildSettings = {
				ALWAYS_EMBED_SWIFT_STANDARD_LIBRARIES = YES;
				CODE_SIGN_STYLE = Automatic;
				DEVELOPMENT_TEAM = T9592J2HYY;
				INFOPLIST_FILE = FourPawsUITests/Info.plist;
				LD_RUNPATH_SEARCH_PATHS = (
					"$(inherited)",
					"@executable_path/Frameworks",
					"@loader_path/Frameworks",
				);
				PRODUCT_BUNDLE_IDENTIFIER = AS.FourPawsUITests;
				PRODUCT_NAME = "$(TARGET_NAME)";
				SWIFT_VERSION = 5.0;
				TARGETED_DEVICE_FAMILY = "1,2";
				TEST_TARGET_NAME = FourPaws;
			};
			name = Release;
		};
/* End XCBuildConfiguration section */

/* Begin XCConfigurationList section */
		D33E98DF25D3079400318B38 /* Build configuration list for PBXProject "FourPaws" */ = {
			isa = XCConfigurationList;
			buildConfigurations = (
				D33E990725D3079A00318B38 /* Debug */,
				D33E990825D3079A00318B38 /* Release */,
			);
			defaultConfigurationIsVisible = 0;
			defaultConfigurationName = Release;
		};
		D33E990925D3079A00318B38 /* Build configuration list for PBXNativeTarget "FourPaws" */ = {
			isa = XCConfigurationList;
			buildConfigurations = (
				D33E990A25D3079A00318B38 /* Debug */,
				D33E990B25D3079A00318B38 /* Release */,
			);
			defaultConfigurationIsVisible = 0;
			defaultConfigurationName = Release;
		};
		D33E990C25D3079A00318B38 /* Build configuration list for PBXNativeTarget "FourPawsTests" */ = {
			isa = XCConfigurationList;
			buildConfigurations = (
				D33E990D25D3079A00318B38 /* Debug */,
				D33E990E25D3079A00318B38 /* Release */,
			);
			defaultConfigurationIsVisible = 0;
			defaultConfigurationName = Release;
		};
		D33E990F25D3079A00318B38 /* Build configuration list for PBXNativeTarget "FourPawsUITests" */ = {
			isa = XCConfigurationList;
			buildConfigurations = (
				D33E991025D3079A00318B38 /* Debug */,
				D33E991125D3079A00318B38 /* Release */,
			);
			defaultConfigurationIsVisible = 0;
			defaultConfigurationName = Release;
		};
/* End XCConfigurationList section */
	};
	rootObject = D33E98DC25D3079400318B38 /* Project object */;
}
